// !$*UTF8*$!
{
	archiveVersion = 1;
	classes = {
	};
	objectVersion = 56;
	objects = {

/* Begin PBXBuildFile section */
		691FCD312A564DA00093D12B /* MyHealthApp.swift in Sources */ = {isa = PBXBuildFile; fileRef = 691FCD302A564DA00093D12B /* MyHealthApp.swift */; };
		691FCD332A564DA00093D12B /* ContentView.swift in Sources */ = {isa = PBXBuildFile; fileRef = 691FCD322A564DA00093D12B /* ContentView.swift */; };
		691FCD352A564DA10093D12B /* Assets.xcassets in Resources */ = {isa = PBXBuildFile; fileRef = 691FCD342A564DA10093D12B /* Assets.xcassets */; };
		691FCD392A564DA10093D12B /* Preview Assets.xcassets in Resources */ = {isa = PBXBuildFile; fileRef = 691FCD382A564DA10093D12B /* Preview Assets.xcassets */; };
		691FCD432A564DA10093D12B /* MyHealthTests.swift in Sources */ = {isa = PBXBuildFile; fileRef = 691FCD422A564DA10093D12B /* MyHealthTests.swift */; };
		691FCD4D2A564DA10093D12B /* MyHealthUITests.swift in Sources */ = {isa = PBXBuildFile; fileRef = 691FCD4C2A564DA10093D12B /* MyHealthUITests.swift */; };
		691FCD4F2A564DA10093D12B /* MyHealthUITestsLaunchTests.swift in Sources */ = {isa = PBXBuildFile; fileRef = 691FCD4E2A564DA10093D12B /* MyHealthUITestsLaunchTests.swift */; };
/* End PBXBuildFile section */

/* Begin PBXContainerItemProxy section */
		691FCD3F2A564DA10093D12B /* PBXContainerItemProxy */ = {
			isa = PBXContainerItemProxy;
			containerPortal = 691FCD252A564DA00093D12B /* Project object */;
			proxyType = 1;
			remoteGlobalIDString = 691FCD2C2A564DA00093D12B;
			remoteInfo = MyHealth;
		};
		691FCD492A564DA10093D12B /* PBXContainerItemProxy */ = {
			isa = PBXContainerItemProxy;
			containerPortal = 691FCD252A564DA00093D12B /* Project object */;
			proxyType = 1;
			remoteGlobalIDString = 691FCD2C2A564DA00093D12B;
			remoteInfo = MyHealth;
		};
/* End PBXContainerItemProxy section */

/* Begin PBXFileReference section */
		691FCD2D2A564DA00093D12B /* MyHealth.app */ = {isa = PBXFileReference; explicitFileType = wrapper.application; includeInIndex = 0; path = MyHealth.app; sourceTree = BUILT_PRODUCTS_DIR; };
		691FCD302A564DA00093D12B /* MyHealthApp.swift */ = {isa = PBXFileReference; lastKnownFileType = sourcecode.swift; path = MyHealthApp.swift; sourceTree = "<group>"; };
		691FCD322A564DA00093D12B /* ContentView.swift */ = {isa = PBXFileReference; lastKnownFileType = sourcecode.swift; path = ContentView.swift; sourceTree = "<group>"; };
		691FCD342A564DA10093D12B /* Assets.xcassets */ = {isa = PBXFileReference; lastKnownFileType = folder.assetcatalog; path = Assets.xcassets; sourceTree = "<group>"; };
		691FCD362A564DA10093D12B /* MyHealth.entitlements */ = {isa = PBXFileReference; lastKnownFileType = text.plist.entitlements; path = MyHealth.entitlements; sourceTree = "<group>"; };
		691FCD382A564DA10093D12B /* Preview Assets.xcassets */ = {isa = PBXFileReference; lastKnownFileType = folder.assetcatalog; path = "Preview Assets.xcassets"; sourceTree = "<group>"; };
		691FCD3E2A564DA10093D12B /* MyHealthTests.xctest */ = {isa = PBXFileReference; explicitFileType = wrapper.cfbundle; includeInIndex = 0; path = MyHealthTests.xctest; sourceTree = BUILT_PRODUCTS_DIR; };
		691FCD422A564DA10093D12B /* MyHealthTests.swift */ = {isa = PBXFileReference; lastKnownFileType = sourcecode.swift; path = MyHealthTests.swift; sourceTree = "<group>"; };
		691FCD482A564DA10093D12B /* MyHealthUITests.xctest */ = {isa = PBXFileReference; explicitFileType = wrapper.cfbundle; includeInIndex = 0; path = MyHealthUITests.xctest; sourceTree = BUILT_PRODUCTS_DIR; };
		691FCD4C2A564DA10093D12B /* MyHealthUITests.swift */ = {isa = PBXFileReference; lastKnownFileType = sourcecode.swift; path = MyHealthUITests.swift; sourceTree = "<group>"; };
		691FCD4E2A564DA10093D12B /* MyHealthUITestsLaunchTests.swift */ = {isa = PBXFileReference; lastKnownFileType = sourcecode.swift; path = MyHealthUITestsLaunchTests.swift; sourceTree = "<group>"; };
/* End PBXFileReference section */

/* Begin PBXFrameworksBuildPhase section */
		691FCD2A2A564DA00093D12B /* Frameworks */ = {
			isa = PBXFrameworksBuildPhase;
			buildActionMask = 2147483647;
			files = (
			);
			runOnlyForDeploymentPostprocessing = 0;
		};
		691FCD3B2A564DA10093D12B /* Frameworks */ = {
			isa = PBXFrameworksBuildPhase;
			buildActionMask = 2147483647;
			files = (
			);
			runOnlyForDeploymentPostprocessing = 0;
		};
		691FCD452A564DA10093D12B /* Frameworks */ = {
			isa = PBXFrameworksBuildPhase;
			buildActionMask = 2147483647;
			files = (
			);
			runOnlyForDeploymentPostprocessing = 0;
		};
/* End PBXFrameworksBuildPhase section */

/* Begin PBXGroup section */
		691FCD242A564DA00093D12B = {
			isa = PBXGroup;
			children = (
				691FCD2F2A564DA00093D12B /* MyHealth */,
				691FCD412A564DA10093D12B /* MyHealthTests */,
				691FCD4B2A564DA10093D12B /* MyHealthUITests */,
				691FCD2E2A564DA00093D12B /* Products */,
			);
			sourceTree = "<group>";
		};
		691FCD2E2A564DA00093D12B /* Products */ = {
			isa = PBXGroup;
			children = (
				691FCD2D2A564DA00093D12B /* MyHealth.app */,
				691FCD3E2A564DA10093D12B /* MyHealthTests.xctest */,
				691FCD482A564DA10093D12B /* MyHealthUITests.xctest */,
			);
			name = Products;
			sourceTree = "<group>";
		};
		691FCD2F2A564DA00093D12B /* MyHealth */ = {
			isa = PBXGroup;
			children = (
				691FCD302A564DA00093D12B /* MyHealthApp.swift */,
				691FCD322A564DA00093D12B /* ContentView.swift */,
				691FCD342A564DA10093D12B /* Assets.xcassets */,
				691FCD362A564DA10093D12B /* MyHealth.entitlements */,
				691FCD372A564DA10093D12B /* Preview Content */,
			);
			path = MyHealth;
			sourceTree = "<group>";
		};
		691FCD372A564DA10093D12B /* Preview Content */ = {
			isa = PBXGroup;
			children = (
				691FCD382A564DA10093D12B /* Preview Assets.xcassets */,
			);
			path = "Preview Content";
			sourceTree = "<group>";
		};
		691FCD412A564DA10093D12B /* MyHealthTests */ = {
			isa = PBXGroup;
			children = (
				691FCD422A564DA10093D12B /* MyHealthTests.swift */,
			);
			path = MyHealthTests;
			sourceTree = "<group>";
		};
		691FCD4B2A564DA10093D12B /* MyHealthUITests */ = {
			isa = PBXGroup;
			children = (
				691FCD4C2A564DA10093D12B /* MyHealthUITests.swift */,
				691FCD4E2A564DA10093D12B /* MyHealthUITestsLaunchTests.swift */,
			);
			path = MyHealthUITests;
			sourceTree = "<group>";
		};
/* End PBXGroup section */

/* Begin PBXNativeTarget section */
		691FCD2C2A564DA00093D12B /* MyHealth */ = {
			isa = PBXNativeTarget;
			buildConfigurationList = 691FCD522A564DA10093D12B /* Build configuration list for PBXNativeTarget "MyHealth" */;
			buildPhases = (
				691FCD292A564DA00093D12B /* Sources */,
				691FCD2A2A564DA00093D12B /* Frameworks */,
				691FCD2B2A564DA00093D12B /* Resources */,
			);
			buildRules = (
			);
			dependencies = (
			);
			name = MyHealth;
			productName = MyHealth;
			productReference = 691FCD2D2A564DA00093D12B /* MyHealth.app */;
			productType = "com.apple.product-type.application";
		};
		691FCD3D2A564DA10093D12B /* MyHealthTests */ = {
			isa = PBXNativeTarget;
			buildConfigurationList = 691FCD552A564DA10093D12B /* Build configuration list for PBXNativeTarget "MyHealthTests" */;
			buildPhases = (
				691FCD3A2A564DA10093D12B /* Sources */,
				691FCD3B2A564DA10093D12B /* Frameworks */,
				691FCD3C2A564DA10093D12B /* Resources */,
			);
			buildRules = (
			);
			dependencies = (
				691FCD402A564DA10093D12B /* PBXTargetDependency */,
			);
			name = MyHealthTests;
			productName = MyHealthTests;
			productReference = 691FCD3E2A564DA10093D12B /* MyHealthTests.xctest */;
			productType = "com.apple.product-type.bundle.unit-test";
		};
		691FCD472A564DA10093D12B /* MyHealthUITests */ = {
			isa = PBXNativeTarget;
			buildConfigurationList = 691FCD582A564DA10093D12B /* Build configuration list for PBXNativeTarget "MyHealthUITests" */;
			buildPhases = (
				691FCD442A564DA10093D12B /* Sources */,
				691FCD452A564DA10093D12B /* Frameworks */,
				691FCD462A564DA10093D12B /* Resources */,
			);
			buildRules = (
			);
			dependencies = (
				691FCD4A2A564DA10093D12B /* PBXTargetDependency */,
			);
			name = MyHealthUITests;
			productName = MyHealthUITests;
			productReference = 691FCD482A564DA10093D12B /* MyHealthUITests.xctest */;
			productType = "com.apple.product-type.bundle.ui-testing";
		};
/* End PBXNativeTarget section */

/* Begin PBXProject section */
		691FCD252A564DA00093D12B /* Project object */ = {
			isa = PBXProject;
			attributes = {
				BuildIndependentTargetsInParallel = 1;
				LastSwiftUpdateCheck = 1430;
				LastUpgradeCheck = 1430;
				TargetAttributes = {
					691FCD2C2A564DA00093D12B = {
						CreatedOnToolsVersion = 14.3;
					};
					691FCD3D2A564DA10093D12B = {
						CreatedOnToolsVersion = 14.3;
						TestTargetID = 691FCD2C2A564DA00093D12B;
					};
					691FCD472A564DA10093D12B = {
						CreatedOnToolsVersion = 14.3;
						TestTargetID = 691FCD2C2A564DA00093D12B;
					};
				};
			};
			buildConfigurationList = 691FCD282A564DA00093D12B /* Build configuration list for PBXProject "MyHealth" */;
			compatibilityVersion = "Xcode 14.0";
			developmentRegion = en;
			hasScannedForEncodings = 0;
			knownRegions = (
				en,
				Base,
			);
			mainGroup = 691FCD242A564DA00093D12B;
			productRefGroup = 691FCD2E2A564DA00093D12B /* Products */;
			projectDirPath = "";
			projectRoot = "";
			targets = (
				691FCD2C2A564DA00093D12B /* MyHealth */,
				691FCD3D2A564DA10093D12B /* MyHealthTests */,
				691FCD472A564DA10093D12B /* MyHealthUITests */,
			);
		};
/* End PBXProject section */

/* Begin PBXResourcesBuildPhase section */
		691FCD2B2A564DA00093D12B /* Resources */ = {
			isa = PBXResourcesBuildPhase;
			buildActionMask = 2147483647;
			files = (
				691FCD392A564DA10093D12B /* Preview Assets.xcassets in Resources */,
				691FCD352A564DA10093D12B /* Assets.xcassets in Resources */,
			);
			runOnlyForDeploymentPostprocessing = 0;
		};
		691FCD3C2A564DA10093D12B /* Resources */ = {
			isa = PBXResourcesBuildPhase;
			buildActionMask = 2147483647;
			files = (
			);
			runOnlyForDeploymentPostprocessing = 0;
		};
		691FCD462A564DA10093D12B /* Resources */ = {
			isa = PBXResourcesBuildPhase;
			buildActionMask = 2147483647;
			files = (
			);
			runOnlyForDeploymentPostprocessing = 0;
		};
/* End PBXResourcesBuildPhase section */

/* Begin PBXSourcesBuildPhase section */
		691FCD292A564DA00093D12B /* Sources */ = {
			isa = PBXSourcesBuildPhase;
			buildActionMask = 2147483647;
			files = (
				691FCD332A564DA00093D12B /* ContentView.swift in Sources */,
				691FCD312A564DA00093D12B /* MyHealthApp.swift in Sources */,
			);
			runOnlyForDeploymentPostprocessing = 0;
		};
		691FCD3A2A564DA10093D12B /* Sources */ = {
			isa = PBXSourcesBuildPhase;
			buildActionMask = 2147483647;
			files = (
				691FCD432A564DA10093D12B /* MyHealthTests.swift in Sources */,
			);
			runOnlyForDeploymentPostprocessing = 0;
		};
		691FCD442A564DA10093D12B /* Sources */ = {
			isa = PBXSourcesBuildPhase;
			buildActionMask = 2147483647;
			files = (
				691FCD4F2A564DA10093D12B /* MyHealthUITestsLaunchTests.swift in Sources */,
				691FCD4D2A564DA10093D12B /* MyHealthUITests.swift in Sources */,
			);
			runOnlyForDeploymentPostprocessing = 0;
		};
/* End PBXSourcesBuildPhase section */

/* Begin PBXTargetDependency section */
		691FCD402A564DA10093D12B /* PBXTargetDependency */ = {
			isa = PBXTargetDependency;
			target = 691FCD2C2A564DA00093D12B /* MyHealth */;
			targetProxy = 691FCD3F2A564DA10093D12B /* PBXContainerItemProxy */;
		};
		691FCD4A2A564DA10093D12B /* PBXTargetDependency */ = {
			isa = PBXTargetDependency;
			target = 691FCD2C2A564DA00093D12B /* MyHealth */;
			targetProxy = 691FCD492A564DA10093D12B /* PBXContainerItemProxy */;
		};
/* End PBXTargetDependency section */

/* Begin XCBuildConfiguration section */
		691FCD502A564DA10093D12B /* Debug */ = {
			isa = XCBuildConfiguration;
			buildSettings = {
				ALWAYS_SEARCH_USER_PATHS = NO;
				CLANG_ANALYZER_NONNULL = YES;
				CLANG_ANALYZER_NUMBER_OBJECT_CONVERSION = YES_AGGRESSIVE;
				CLANG_CXX_LANGUAGE_STANDARD = "gnu++20";
				CLANG_ENABLE_MODULES = YES;
				CLANG_ENABLE_OBJC_ARC = YES;
				CLANG_ENABLE_OBJC_WEAK = YES;
				CLANG_WARN_BLOCK_CAPTURE_AUTORELEASING = YES;
				CLANG_WARN_BOOL_CONVERSION = YES;
				CLANG_WARN_COMMA = YES;
				CLANG_WARN_CONSTANT_CONVERSION = YES;
				CLANG_WARN_DEPRECATED_OBJC_IMPLEMENTATIONS = YES;
				CLANG_WARN_DIRECT_OBJC_ISA_USAGE = YES_ERROR;
				CLANG_WARN_DOCUMENTATION_COMMENTS = YES;
				CLANG_WARN_EMPTY_BODY = YES;
				CLANG_WARN_ENUM_CONVERSION = YES;
				CLANG_WARN_INFINITE_RECURSION = YES;
				CLANG_WARN_INT_CONVERSION = YES;
				CLANG_WARN_NON_LITERAL_NULL_CONVERSION = YES;
				CLANG_WARN_OBJC_IMPLICIT_RETAIN_SELF = YES;
				CLANG_WARN_OBJC_LITERAL_CONVERSION = YES;
				CLANG_WARN_OBJC_ROOT_CLASS = YES_ERROR;
				CLANG_WARN_QUOTED_INCLUDE_IN_FRAMEWORK_HEADER = YES;
				CLANG_WARN_RANGE_LOOP_ANALYSIS = YES;
				CLANG_WARN_STRICT_PROTOTYPES = YES;
				CLANG_WARN_SUSPICIOUS_MOVE = YES;
				CLANG_WARN_UNGUARDED_AVAILABILITY = YES_AGGRESSIVE;
				CLANG_WARN_UNREACHABLE_CODE = YES;
				CLANG_WARN__DUPLICATE_METHOD_MATCH = YES;
				COPY_PHASE_STRIP = NO;
				DEBUG_INFORMATION_FORMAT = dwarf;
				ENABLE_STRICT_OBJC_MSGSEND = YES;
				ENABLE_TESTABILITY = YES;
				GCC_C_LANGUAGE_STANDARD = gnu11;
				GCC_DYNAMIC_NO_PIC = NO;
				GCC_NO_COMMON_BLOCKS = YES;
				GCC_OPTIMIZATION_LEVEL = 0;
				GCC_PREPROCESSOR_DEFINITIONS = (
					"DEBUG=1",
					"$(inherited)",
				);
				GCC_WARN_64_TO_32_BIT_CONVERSION = YES;
				GCC_WARN_ABOUT_RETURN_TYPE = YES_ERROR;
				GCC_WARN_UNDECLARED_SELECTOR = YES;
				GCC_WARN_UNINITIALIZED_AUTOS = YES_AGGRESSIVE;
				GCC_WARN_UNUSED_FUNCTION = YES;
				GCC_WARN_UNUSED_VARIABLE = YES;
				MTL_ENABLE_DEBUG_INFO = INCLUDE_SOURCE;
				MTL_FAST_MATH = YES;
				ONLY_ACTIVE_ARCH = YES;
				SWIFT_ACTIVE_COMPILATION_CONDITIONS = DEBUG;
				SWIFT_OPTIMIZATION_LEVEL = "-Onone";
			};
			name = Debug;
		};
		691FCD512A564DA10093D12B /* Release */ = {
			isa = XCBuildConfiguration;
			buildSettings = {
				ALWAYS_SEARCH_USER_PATHS = NO;
				CLANG_ANALYZER_NONNULL = YES;
				CLANG_ANALYZER_NUMBER_OBJECT_CONVERSION = YES_AGGRESSIVE;
				CLANG_CXX_LANGUAGE_STANDARD = "gnu++20";
				CLANG_ENABLE_MODULES = YES;
				CLANG_ENABLE_OBJC_ARC = YES;
				CLANG_ENABLE_OBJC_WEAK = YES;
				CLANG_WARN_BLOCK_CAPTURE_AUTORELEASING = YES;
				CLANG_WARN_BOOL_CONVERSION = YES;
				CLANG_WARN_COMMA = YES;
				CLANG_WARN_CONSTANT_CONVERSION = YES;
				CLANG_WARN_DEPRECATED_OBJC_IMPLEMENTATIONS = YES;
				CLANG_WARN_DIRECT_OBJC_ISA_USAGE = YES_ERROR;
				CLANG_WARN_DOCUMENTATION_COMMENTS = YES;
				CLANG_WARN_EMPTY_BODY = YES;
				CLANG_WARN_ENUM_CONVERSION = YES;
				CLANG_WARN_INFINITE_RECURSION = YES;
				CLANG_WARN_INT_CONVERSION = YES;
				CLANG_WARN_NON_LITERAL_NULL_CONVERSION = YES;
				CLANG_WARN_OBJC_IMPLICIT_RETAIN_SELF = YES;
				CLANG_WARN_OBJC_LITERAL_CONVERSION = YES;
				CLANG_WARN_OBJC_ROOT_CLASS = YES_ERROR;
				CLANG_WARN_QUOTED_INCLUDE_IN_FRAMEWORK_HEADER = YES;
				CLANG_WARN_RANGE_LOOP_ANALYSIS = YES;
				CLANG_WARN_STRICT_PROTOTYPES = YES;
				CLANG_WARN_SUSPICIOUS_MOVE = YES;
				CLANG_WARN_UNGUARDED_AVAILABILITY = YES_AGGRESSIVE;
				CLANG_WARN_UNREACHABLE_CODE = YES;
				CLANG_WARN__DUPLICATE_METHOD_MATCH = YES;
				COPY_PHASE_STRIP = NO;
				DEBUG_INFORMATION_FORMAT = "dwarf-with-dsym";
				ENABLE_NS_ASSERTIONS = NO;
				ENABLE_STRICT_OBJC_MSGSEND = YES;
				GCC_C_LANGUAGE_STANDARD = gnu11;
				GCC_NO_COMMON_BLOCKS = YES;
				GCC_WARN_64_TO_32_BIT_CONVERSION = YES;
				GCC_WARN_ABOUT_RETURN_TYPE = YES_ERROR;
				GCC_WARN_UNDECLARED_SELECTOR = YES;
				GCC_WARN_UNINITIALIZED_AUTOS = YES_AGGRESSIVE;
				GCC_WARN_UNUSED_FUNCTION = YES;
				GCC_WARN_UNUSED_VARIABLE = YES;
				MTL_ENABLE_DEBUG_INFO = NO;
				MTL_FAST_MATH = YES;
				SWIFT_COMPILATION_MODE = wholemodule;
				SWIFT_OPTIMIZATION_LEVEL = "-O";
			};
			name = Release;
		};
		691FCD532A564DA10093D12B /* Debug */ = {
			isa = XCBuildConfiguration;
			buildSettings = {
				ASSETCATALOG_COMPILER_APPICON_NAME = AppIcon;
				ASSETCATALOG_COMPILER_GLOBAL_ACCENT_COLOR_NAME = AccentColor;
				CODE_SIGN_ENTITLEMENTS = MyHealth/MyHealth.entitlements;
				CODE_SIGN_STYLE = Automatic;
				CURRENT_PROJECT_VERSION = 1;
				DEVELOPMENT_ASSET_PATHS = "\"MyHealth/Preview Content\"";
				DEVELOPMENT_TEAM = J54Q8FN8XA;
				ENABLE_HARDENED_RUNTIME = YES;
				ENABLE_PREVIEWS = YES;
				GENERATE_INFOPLIST_FILE = YES;
				"INFOPLIST_KEY_UIApplicationSceneManifest_Generation[sdk=iphoneos*]" = YES;
				"INFOPLIST_KEY_UIApplicationSceneManifest_Generation[sdk=iphonesimulator*]" = YES;
				"INFOPLIST_KEY_UIApplicationSupportsIndirectInputEvents[sdk=iphoneos*]" = YES;
				"INFOPLIST_KEY_UIApplicationSupportsIndirectInputEvents[sdk=iphonesimulator*]" = YES;
				"INFOPLIST_KEY_UILaunchScreen_Generation[sdk=iphoneos*]" = YES;
				"INFOPLIST_KEY_UILaunchScreen_Generation[sdk=iphonesimulator*]" = YES;
				"INFOPLIST_KEY_UIStatusBarStyle[sdk=iphoneos*]" = UIStatusBarStyleDefault;
				"INFOPLIST_KEY_UIStatusBarStyle[sdk=iphonesimulator*]" = UIStatusBarStyleDefault;
				INFOPLIST_KEY_UISupportedInterfaceOrientations_iPad = "UIInterfaceOrientationPortrait UIInterfaceOrientationPortraitUpsideDown UIInterfaceOrientationLandscapeLeft UIInterfaceOrientationLandscapeRight";
				INFOPLIST_KEY_UISupportedInterfaceOrientations_iPhone = "UIInterfaceOrientationPortrait UIInterfaceOrientationLandscapeLeft UIInterfaceOrientationLandscapeRight";
				IPHONEOS_DEPLOYMENT_TARGET = 16.4;
				LD_RUNPATH_SEARCH_PATHS = "@executable_path/Frameworks";
				"LD_RUNPATH_SEARCH_PATHS[sdk=macosx*]" = "@executable_path/../Frameworks";
				MACOSX_DEPLOYMENT_TARGET = 13.3;
				MARKETING_VERSION = 1.0;
				PRODUCT_BUNDLE_IDENTIFIER = com.newBridge.MyHealth.MyHealth;
				PRODUCT_NAME = "$(TARGET_NAME)";
				SDKROOT = auto;
				SUPPORTED_PLATFORMS = "iphoneos iphonesimulator macosx";
				SWIFT_EMIT_LOC_STRINGS = YES;
				SWIFT_VERSION = 5.0;
				TARGETED_DEVICE_FAMILY = "1,2";
			};
			name = Debug;
		};
		691FCD542A564DA10093D12B /* Release */ = {
			isa = XCBuildConfiguration;
			buildSettings = {
				ASSETCATALOG_COMPILER_APPICON_NAME = AppIcon;
				ASSETCATALOG_COMPILER_GLOBAL_ACCENT_COLOR_NAME = AccentColor;
				CODE_SIGN_ENTITLEMENTS = MyHealth/MyHealth.entitlements;
				CODE_SIGN_STYLE = Automatic;
				CURRENT_PROJECT_VERSION = 1;
				DEVELOPMENT_ASSET_PATHS = "\"MyHealth/Preview Content\"";
				DEVELOPMENT_TEAM = J54Q8FN8XA;
				ENABLE_HARDENED_RUNTIME = YES;
				ENABLE_PREVIEWS = YES;
				GENERATE_INFOPLIST_FILE = YES;
				"INFOPLIST_KEY_UIApplicationSceneManifest_Generation[sdk=iphoneos*]" = YES;
				"INFOPLIST_KEY_UIApplicationSceneManifest_Generation[sdk=iphonesimulator*]" = YES;
				"INFOPLIST_KEY_UIApplicationSupportsIndirectInputEvents[sdk=iphoneos*]" = YES;
				"INFOPLIST_KEY_UIApplicationSupportsIndirectInputEvents[sdk=iphonesimulator*]" = YES;
				"INFOPLIST_KEY_UILaunchScreen_Generation[sdk=iphoneos*]" = YES;
				"INFOPLIST_KEY_UILaunchScreen_Generation[sdk=iphonesimulator*]" = YES;
				"INFOPLIST_KEY_UIStatusBarStyle[sdk=iphoneos*]" = UIStatusBarStyleDefault;
				"INFOPLIST_KEY_UIStatusBarStyle[sdk=iphonesimulator*]" = UIStatusBarStyleDefault;
				INFOPLIST_KEY_UISupportedInterfaceOrientations_iPad = "UIInterfaceOrientationPortrait UIInterfaceOrientationPortraitUpsideDown UIInterfaceOrientationLandscapeLeft UIInterfaceOrientationLandscapeRight";
				INFOPLIST_KEY_UISupportedInterfaceOrientations_iPhone = "UIInterfaceOrientationPortrait UIInterfaceOrientationLandscapeLeft UIInterfaceOrientationLandscapeRight";
				IPHONEOS_DEPLOYMENT_TARGET = 16.4;
				LD_RUNPATH_SEARCH_PATHS = "@executable_path/Frameworks";
				"LD_RUNPATH_SEARCH_PATHS[sdk=macosx*]" = "@executable_path/../Frameworks";
				MACOSX_DEPLOYMENT_TARGET = 13.3;
				MARKETING_VERSION = 1.0;
				PRODUCT_BUNDLE_IDENTIFIER = com.newBridge.MyHealth.MyHealth;
				PRODUCT_NAME = "$(TARGET_NAME)";
				SDKROOT = auto;
				SUPPORTED_PLATFORMS = "iphoneos iphonesimulator macosx";
				SWIFT_EMIT_LOC_STRINGS = YES;
				SWIFT_VERSION = 5.0;
				TARGETED_DEVICE_FAMILY = "1,2";
			};
			name = Release;
		};
		691FCD562A564DA10093D12B /* Debug */ = {
			isa = XCBuildConfiguration;
			buildSettings = {
				ALWAYS_EMBED_SWIFT_STANDARD_LIBRARIES = YES;
				BUNDLE_LOADER = "$(TEST_HOST)";
				CODE_SIGN_STYLE = Automatic;
				CURRENT_PROJECT_VERSION = 1;
				DEVELOPMENT_TEAM = J54Q8FN8XA;
				GENERATE_INFOPLIST_FILE = YES;
				IPHONEOS_DEPLOYMENT_TARGET = 16.4;
				MACOSX_DEPLOYMENT_TARGET = 13.3;
				MARKETING_VERSION = 1.0;
				PRODUCT_BUNDLE_IDENTIFIER = com.newBridge.MyHealth.MyHealthTests;
				PRODUCT_NAME = "$(TARGET_NAME)";
				SDKROOT = auto;
				SUPPORTED_PLATFORMS = "iphoneos iphonesimulator macosx";
				SWIFT_EMIT_LOC_STRINGS = NO;
				SWIFT_VERSION = 5.0;
				TARGETED_DEVICE_FAMILY = "1,2";
				TEST_HOST = "$(BUILT_PRODUCTS_DIR)/MyHealth.app/$(BUNDLE_EXECUTABLE_FOLDER_PATH)/MyHealth";
			};
			name = Debug;
		};
		691FCD572A564DA10093D12B /* Release */ = {
			isa = XCBuildConfiguration;
			buildSettings = {
				ALWAYS_EMBED_SWIFT_STANDARD_LIBRARIES = YES;
				BUNDLE_LOADER = "$(TEST_HOST)";
				CODE_SIGN_STYLE = Automatic;
				CURRENT_PROJECT_VERSION = 1;
				DEVELOPMENT_TEAM = J54Q8FN8XA;
				GENERATE_INFOPLIST_FILE = YES;
				IPHONEOS_DEPLOYMENT_TARGET = 16.4;
				MACOSX_DEPLOYMENT_TARGET = 13.3;
				MARKETING_VERSION = 1.0;
				PRODUCT_BUNDLE_IDENTIFIER = com.newBridge.MyHealth.MyHealthTests;
				PRODUCT_NAME = "$(TARGET_NAME)";
				SDKROOT = auto;
				SUPPORTED_PLATFORMS = "iphoneos iphonesimulator macosx";
				SWIFT_EMIT_LOC_STRINGS = NO;
				SWIFT_VERSION = 5.0;
				TARGETED_DEVICE_FAMILY = "1,2";
				TEST_HOST = "$(BUILT_PRODUCTS_DIR)/MyHealth.app/$(BUNDLE_EXECUTABLE_FOLDER_PATH)/MyHealth";
			};
			name = Release;
		};
		691FCD592A564DA10093D12B /* Debug */ = {
			isa = XCBuildConfiguration;
			buildSettings = {
				ALWAYS_EMBED_SWIFT_STANDARD_LIBRARIES = YES;
				CODE_SIGN_STYLE = Automatic;
				CURRENT_PROJECT_VERSION = 1;
				DEVELOPMENT_TEAM = J54Q8FN8XA;
				GENERATE_INFOPLIST_FILE = YES;
				IPHONEOS_DEPLOYMENT_TARGET = 16.4;
				MACOSX_DEPLOYMENT_TARGET = 13.3;
				MARKETING_VERSION = 1.0;
				PRODUCT_BUNDLE_IDENTIFIER = com.newBridge.MyHealth.MyHealthUITests;
				PRODUCT_NAME = "$(TARGET_NAME)";
				SDKROOT = auto;
				SUPPORTED_PLATFORMS = "iphoneos iphonesimulator macosx";
				SWIFT_EMIT_LOC_STRINGS = NO;
				SWIFT_VERSION = 5.0;
				TARGETED_DEVICE_FAMILY = "1,2";
				TEST_TARGET_NAME = MyHealth;
			};
			name = Debug;
		};
		691FCD5A2A564DA10093D12B /* Release */ = {
			isa = XCBuildConfiguration;
			buildSettings = {
				ALWAYS_EMBED_SWIFT_STANDARD_LIBRARIES = YES;
				CODE_SIGN_STYLE = Automatic;
				CURRENT_PROJECT_VERSION = 1;
				DEVELOPMENT_TEAM = J54Q8FN8XA;
				GENERATE_INFOPLIST_FILE = YES;
				IPHONEOS_DEPLOYMENT_TARGET = 16.4;
				MACOSX_DEPLOYMENT_TARGET = 13.3;
				MARKETING_VERSION = 1.0;
				PRODUCT_BUNDLE_IDENTIFIER = com.newBridge.MyHealth.MyHealthUITests;
				PRODUCT_NAME = "$(TARGET_NAME)";
				SDKROOT = auto;
				SUPPORTED_PLATFORMS = "iphoneos iphonesimulator macosx";
				SWIFT_EMIT_LOC_STRINGS = NO;
				SWIFT_VERSION = 5.0;
				TARGETED_DEVICE_FAMILY = "1,2";
				TEST_TARGET_NAME = MyHealth;
			};
			name = Release;
		};
/* End XCBuildConfiguration section */

/* Begin XCConfigurationList section */
		691FCD282A564DA00093D12B /* Build configuration list for PBXProject "MyHealth" */ = {
			isa = XCConfigurationList;
			buildConfigurations = (
				691FCD502A564DA10093D12B /* Debug */,
				691FCD512A564DA10093D12B /* Release */,
			);
			defaultConfigurationIsVisible = 0;
			defaultConfigurationName = Release;
		};
		691FCD522A564DA10093D12B /* Build configuration list for PBXNativeTarget "MyHealth" */ = {
			isa = XCConfigurationList;
			buildConfigurations = (
				691FCD532A564DA10093D12B /* Debug */,
				691FCD542A564DA10093D12B /* Release */,
			);
			defaultConfigurationIsVisible = 0;
			defaultConfigurationName = Release;
		};
		691FCD552A564DA10093D12B /* Build configuration list for PBXNativeTarget "MyHealthTests" */ = {
			isa = XCConfigurationList;
			buildConfigurations = (
				691FCD562A564DA10093D12B /* Debug */,
				691FCD572A564DA10093D12B /* Release */,
			);
			defaultConfigurationIsVisible = 0;
			defaultConfigurationName = Release;
		};
		691FCD582A564DA10093D12B /* Build configuration list for PBXNativeTarget "MyHealthUITests" */ = {
			isa = XCConfigurationList;
			buildConfigurations = (
				691FCD592A564DA10093D12B /* Debug */,
				691FCD5A2A564DA10093D12B /* Release */,
			);
			defaultConfigurationIsVisible = 0;
			defaultConfigurationName = Release;
		};
/* End XCConfigurationList section */
	};
	rootObject = 691FCD252A564DA00093D12B /* Project object */;
}
